
Microsoft Visual Studio Solution File, Format Version 12.00
# Visual Studio Version 16
VisualStudioVersion = 16.0.29806.167
MinimumVisualStudioVersion = 10.0.40219.1
Project("{FAE04EC0-301F-11D3-BF4B-00C04F79EFBC}") = "ProjectWork_Pascu_Zhou_Ciccone", "ProjectWork_Pascu_Zhou_Ciccone\ProjectWork_Pascu_Zhou_Ciccone.csproj", "{AA49F34E-61A8-4CAE-9B17-A65733A3B974}"
EndProject
Global
	GlobalSection(SolutionConfigurationPlatforms) = preSolution
		Debug|Any CPU = Debug|Any CPU
		Release|Any CPU = Release|Any CPU
	EndGlobalSection
	GlobalSection(ProjectConfigurationPlatforms) = postSolution
		{AA49F34E-61A8-4CAE-9B17-A65733A3B974}.Debug|Any CPU.ActiveCfg = Debug|Any CPU
		{AA49F34E-61A8-4CAE-9B17-A65733A3B974}.Debug|Any CPU.Build.0 = Debug|Any CPU
		{AA49F34E-61A8-4CAE-9B17-A65733A3B974}.Release|Any CPU.ActiveCfg = Release|Any CPU
		{AA49F34E-61A8-4CAE-9B17-A65733A3B974}.Release|Any CPU.Build.0 = Release|Any CPU
	EndGlobalSection
	GlobalSection(SolutionProperties) = preSolution
		HideSolutionNode = FALSE
	EndGlobalSection
	GlobalSection(ExtensibilityGlobals) = postSolution
		SolutionGuid = {9D821863-F669-405D-8CD6-2D77987DA854}
	EndGlobalSection
EndGlobal
